
Microsoft Visual Studio Solution File, Format Version 12.00
# Visual Studio Version 17
VisualStudioVersion = 17.7.34031.279
MinimumVisualStudioVersion = 10.0.40219.1
Project("{FAE04EC0-301F-11D3-BF4B-00C04F79EFBC}") = "F8", "F8.csproj", "{5AE6B92B-F944-4471-A7E4-41828A5A284D}"
EndProject
Global
	GlobalSection(SolutionConfigurationPlatforms) = preSolution
		Debug|Any CPU = Debug|Any CPU
		Release|Any CPU = Release|Any CPU
	EndGlobalSection
	GlobalSection(ProjectConfigurationPlatforms) = postSolution
		{5AE6B92B-F944-4471-A7E4-41828A5A284D}.Debug|Any CPU.ActiveCfg = Debug|Any CPU
		{5AE6B92B-F944-4471-A7E4-41828A5A284D}.Debug|Any CPU.Build.0 = Debug|Any CPU
		{5AE6B92B-F944-4471-A7E4-41828A5A284D}.Release|Any CPU.ActiveCfg = Release|Any CPU
		{5AE6B92B-F944-4471-A7E4-41828A5A284D}.Release|Any CPU.Build.0 = Release|Any CPU
	EndGlobalSection
	GlobalSection(SolutionProperties) = preSolution
		HideSolutionNode = FALSE
	EndGlobalSection
	GlobalSection(ExtensibilityGlobals) = postSolution
		SolutionGuid = {6F9AE060-899E-4898-99C3-3D9F942FE840}
	EndGlobalSection
EndGlobal
